// !$*UTF8*$!
{
	archiveVersion = 1;
	classes = {
	};
	objectVersion = 46;
	objects = {

/* Begin PBXBuildFile section */
		05696E7AE8105B7D0C1F84E3 /* Pods_SocialDev.framework in Frameworks */ = {isa = PBXBuildFile; fileRef = C9342CDE323074A8D38027B4 /* Pods_SocialDev.framework */; };
		53B3AA841E3AB7BC00EBC6B1 /* AppDelegate.swift in Sources */ = {isa = PBXBuildFile; fileRef = 53B3AA831E3AB7BC00EBC6B1 /* AppDelegate.swift */; };
		53B3AA861E3AB7BC00EBC6B1 /* SignInVC.swift in Sources */ = {isa = PBXBuildFile; fileRef = 53B3AA851E3AB7BC00EBC6B1 /* SignInVC.swift */; };
		53B3AA891E3AB7BC00EBC6B1 /* Main.storyboard in Resources */ = {isa = PBXBuildFile; fileRef = 53B3AA871E3AB7BC00EBC6B1 /* Main.storyboard */; };
		53B3AA8B1E3AB7BC00EBC6B1 /* Assets.xcassets in Resources */ = {isa = PBXBuildFile; fileRef = 53B3AA8A1E3AB7BC00EBC6B1 /* Assets.xcassets */; };
		53B3AA8E1E3AB7BC00EBC6B1 /* LaunchScreen.storyboard in Resources */ = {isa = PBXBuildFile; fileRef = 53B3AA8C1E3AB7BC00EBC6B1 /* LaunchScreen.storyboard */; };
		53B3AA961E3AB87B00EBC6B1 /* GoogleService-Info.plist in Resources */ = {isa = PBXBuildFile; fileRef = 53B3AA951E3AB87B00EBC6B1 /* GoogleService-Info.plist */; };
		53B3AA9B1E3AD0C000EBC6B1 /* FancyView.swift in Sources */ = {isa = PBXBuildFile; fileRef = 53B3AA9A1E3AD0C000EBC6B1 /* FancyView.swift */; };
		53B3AA9E1E3AD1AA00EBC6B1 /* Constants.swift in Sources */ = {isa = PBXBuildFile; fileRef = 53B3AA9D1E3AD1AA00EBC6B1 /* Constants.swift */; };
		53B3AAA01E3AD44900EBC6B1 /* RoundBtn.swift in Sources */ = {isa = PBXBuildFile; fileRef = 53B3AA9F1E3AD44900EBC6B1 /* RoundBtn.swift */; };
		53B3AAA21E3AD6C000EBC6B1 /* FancyField.swift in Sources */ = {isa = PBXBuildFile; fileRef = 53B3AAA11E3AD6C000EBC6B1 /* FancyField.swift */; };
		53B3AAA41E3AD95100EBC6B1 /* FancyBtn.swift in Sources */ = {isa = PBXBuildFile; fileRef = 53B3AAA31E3AD95100EBC6B1 /* FancyBtn.swift */; };
/* End PBXBuildFile section */

/* Begin PBXFileReference section */
		539F1B6D1E3E80F400A03B56 /* SocialDev.entitlements */ = {isa = PBXFileReference; lastKnownFileType = text.plist.entitlements; path = SocialDev.entitlements; sourceTree = "<group>"; };
		53B3AA801E3AB7BC00EBC6B1 /* SocialDev.app */ = {isa = PBXFileReference; explicitFileType = wrapper.application; includeInIndex = 0; path = SocialDev.app; sourceTree = BUILT_PRODUCTS_DIR; };
		53B3AA831E3AB7BC00EBC6B1 /* AppDelegate.swift */ = {isa = PBXFileReference; lastKnownFileType = sourcecode.swift; path = AppDelegate.swift; sourceTree = "<group>"; };
		53B3AA851E3AB7BC00EBC6B1 /* SignInVC.swift */ = {isa = PBXFileReference; lastKnownFileType = sourcecode.swift; path = SignInVC.swift; sourceTree = "<group>"; };
		53B3AA881E3AB7BC00EBC6B1 /* Base */ = {isa = PBXFileReference; lastKnownFileType = file.storyboard; name = Base; path = Base.lproj/Main.storyboard; sourceTree = "<group>"; };
		53B3AA8A1E3AB7BC00EBC6B1 /* Assets.xcassets */ = {isa = PBXFileReference; lastKnownFileType = folder.assetcatalog; path = Assets.xcassets; sourceTree = "<group>"; };
		53B3AA8D1E3AB7BC00EBC6B1 /* Base */ = {isa = PBXFileReference; lastKnownFileType = file.storyboard; name = Base; path = Base.lproj/LaunchScreen.storyboard; sourceTree = "<group>"; };
		53B3AA8F1E3AB7BC00EBC6B1 /* Info.plist */ = {isa = PBXFileReference; lastKnownFileType = text.plist.xml; path = Info.plist; sourceTree = "<group>"; };
		53B3AA951E3AB87B00EBC6B1 /* GoogleService-Info.plist */ = {isa = PBXFileReference; fileEncoding = 4; lastKnownFileType = text.plist.xml; path = "GoogleService-Info.plist"; sourceTree = "<group>"; };
		53B3AA9A1E3AD0C000EBC6B1 /* FancyView.swift */ = {isa = PBXFileReference; fileEncoding = 4; lastKnownFileType = sourcecode.swift; path = FancyView.swift; sourceTree = "<group>"; };
		53B3AA9D1E3AD1AA00EBC6B1 /* Constants.swift */ = {isa = PBXFileReference; fileEncoding = 4; lastKnownFileType = sourcecode.swift; path = Constants.swift; sourceTree = "<group>"; };
		53B3AA9F1E3AD44900EBC6B1 /* RoundBtn.swift */ = {isa = PBXFileReference; fileEncoding = 4; lastKnownFileType = sourcecode.swift; path = RoundBtn.swift; sourceTree = "<group>"; };
		53B3AAA11E3AD6C000EBC6B1 /* FancyField.swift */ = {isa = PBXFileReference; fileEncoding = 4; lastKnownFileType = sourcecode.swift; path = FancyField.swift; sourceTree = "<group>"; };
		53B3AAA31E3AD95100EBC6B1 /* FancyBtn.swift */ = {isa = PBXFileReference; fileEncoding = 4; lastKnownFileType = sourcecode.swift; path = FancyBtn.swift; sourceTree = "<group>"; };
		6A30EE2CF7A37491C9E4D793 /* Pods-SocialDev.release.xcconfig */ = {isa = PBXFileReference; includeInIndex = 1; lastKnownFileType = text.xcconfig; name = "Pods-SocialDev.release.xcconfig"; path = "Pods/Target Support Files/Pods-SocialDev/Pods-SocialDev.release.xcconfig"; sourceTree = "<group>"; };
		C9342CDE323074A8D38027B4 /* Pods_SocialDev.framework */ = {isa = PBXFileReference; explicitFileType = wrapper.framework; includeInIndex = 0; path = Pods_SocialDev.framework; sourceTree = BUILT_PRODUCTS_DIR; };
		D0493348FD7AC57A698A7EA9 /* Pods-SocialDev.debug.xcconfig */ = {isa = PBXFileReference; includeInIndex = 1; lastKnownFileType = text.xcconfig; name = "Pods-SocialDev.debug.xcconfig"; path = "Pods/Target Support Files/Pods-SocialDev/Pods-SocialDev.debug.xcconfig"; sourceTree = "<group>"; };
/* End PBXFileReference section */

/* Begin PBXFrameworksBuildPhase section */
		53B3AA7D1E3AB7BC00EBC6B1 /* Frameworks */ = {
			isa = PBXFrameworksBuildPhase;
			buildActionMask = 2147483647;
			files = (
				05696E7AE8105B7D0C1F84E3 /* Pods_SocialDev.framework in Frameworks */,
			);
			runOnlyForDeploymentPostprocessing = 0;
		};
/* End PBXFrameworksBuildPhase section */

/* Begin PBXGroup section */
		53B3AA771E3AB7BC00EBC6B1 = {
			isa = PBXGroup;
			children = (
				53B3AA821E3AB7BC00EBC6B1 /* SocialDev */,
				53B3AA811E3AB7BC00EBC6B1 /* Products */,
				E16950E573F10DA9B30DBDB4 /* Pods */,
				83A1B8BB67C5A5DBB3DB82F7 /* Frameworks */,
			);
			sourceTree = "<group>";
		};
		53B3AA811E3AB7BC00EBC6B1 /* Products */ = {
			isa = PBXGroup;
			children = (
				53B3AA801E3AB7BC00EBC6B1 /* SocialDev.app */,
			);
			name = Products;
			sourceTree = "<group>";
		};
		53B3AA821E3AB7BC00EBC6B1 /* SocialDev */ = {
			isa = PBXGroup;
			children = (
				539F1B6D1E3E80F400A03B56 /* SocialDev.entitlements */,
				53B3AA9C1E3AD16F00EBC6B1 /* Util */,
				53B3AA971E3ABBB900EBC6B1 /* Model */,
				53B3AA991E3ABBE300EBC6B1 /* View */,
				53B3AA981E3ABBCD00EBC6B1 /* Controller */,
				53B3AA831E3AB7BC00EBC6B1 /* AppDelegate.swift */,
				53B3AA871E3AB7BC00EBC6B1 /* Main.storyboard */,
				53B3AA8A1E3AB7BC00EBC6B1 /* Assets.xcassets */,
				53B3AA8C1E3AB7BC00EBC6B1 /* LaunchScreen.storyboard */,
				53B3AA951E3AB87B00EBC6B1 /* GoogleService-Info.plist */,
				53B3AA8F1E3AB7BC00EBC6B1 /* Info.plist */,
			);
			path = SocialDev;
			sourceTree = "<group>";
		};
		53B3AA971E3ABBB900EBC6B1 /* Model */ = {
			isa = PBXGroup;
			children = (
			);
			name = Model;
			sourceTree = "<group>";
		};
		53B3AA981E3ABBCD00EBC6B1 /* Controller */ = {
			isa = PBXGroup;
			children = (
				53B3AA851E3AB7BC00EBC6B1 /* SignInVC.swift */,
			);
			name = Controller;
			sourceTree = "<group>";
		};
		53B3AA991E3ABBE300EBC6B1 /* View */ = {
			isa = PBXGroup;
			children = (
				53B3AA9A1E3AD0C000EBC6B1 /* FancyView.swift */,
				53B3AA9F1E3AD44900EBC6B1 /* RoundBtn.swift */,
				53B3AAA11E3AD6C000EBC6B1 /* FancyField.swift */,
				53B3AAA31E3AD95100EBC6B1 /* FancyBtn.swift */,
			);
			name = View;
			sourceTree = "<group>";
		};
		53B3AA9C1E3AD16F00EBC6B1 /* Util */ = {
			isa = PBXGroup;
			children = (
				53B3AA9D1E3AD1AA00EBC6B1 /* Constants.swift */,
			);
			name = Util;
			sourceTree = "<group>";
		};
		83A1B8BB67C5A5DBB3DB82F7 /* Frameworks */ = {
			isa = PBXGroup;
			children = (
				C9342CDE323074A8D38027B4 /* Pods_SocialDev.framework */,
			);
			name = Frameworks;
			sourceTree = "<group>";
		};
		E16950E573F10DA9B30DBDB4 /* Pods */ = {
			isa = PBXGroup;
			children = (
				D0493348FD7AC57A698A7EA9 /* Pods-SocialDev.debug.xcconfig */,
				6A30EE2CF7A37491C9E4D793 /* Pods-SocialDev.release.xcconfig */,
			);
			name = Pods;
			sourceTree = "<group>";
		};
/* End PBXGroup section */

/* Begin PBXNativeTarget section */
		53B3AA7F1E3AB7BC00EBC6B1 /* SocialDev */ = {
			isa = PBXNativeTarget;
			buildConfigurationList = 53B3AA921E3AB7BC00EBC6B1 /* Build configuration list for PBXNativeTarget "SocialDev" */;
			buildPhases = (
				8542077DE23DA4479B107572 /* [CP] Check Pods Manifest.lock */,
				53B3AA7C1E3AB7BC00EBC6B1 /* Sources */,
				53B3AA7D1E3AB7BC00EBC6B1 /* Frameworks */,
				53B3AA7E1E3AB7BC00EBC6B1 /* Resources */,
				33409B1F1034190FC1C4DF42 /* [CP] Embed Pods Frameworks */,
				08FA6C4D495EF02F6176F0CA /* [CP] Copy Pods Resources */,
			);
			buildRules = (
			);
			dependencies = (
			);
			name = SocialDev;
			productName = SocialDev;
			productReference = 53B3AA801E3AB7BC00EBC6B1 /* SocialDev.app */;
			productType = "com.apple.product-type.application";
		};
/* End PBXNativeTarget section */

/* Begin PBXProject section */
		53B3AA781E3AB7BC00EBC6B1 /* Project object */ = {
			isa = PBXProject;
			attributes = {
				LastSwiftUpdateCheck = 0800;
				LastUpgradeCheck = 0800;
				ORGANIZATIONNAME = "Clyff Millet";
				TargetAttributes = {
					53B3AA7F1E3AB7BC00EBC6B1 = {
						CreatedOnToolsVersion = 8.0;
						DevelopmentTeam = B593V95HNX;
						ProvisioningStyle = Automatic;
						SystemCapabilities = {
							com.apple.Keychain = {
								enabled = 1;
							};
						};
					};
				};
			};
			buildConfigurationList = 53B3AA7B1E3AB7BC00EBC6B1 /* Build configuration list for PBXProject "SocialDev" */;
			compatibilityVersion = "Xcode 3.2";
			developmentRegion = English;
			hasScannedForEncodings = 0;
			knownRegions = (
				en,
				Base,
			);
			mainGroup = 53B3AA771E3AB7BC00EBC6B1;
			productRefGroup = 53B3AA811E3AB7BC00EBC6B1 /* Products */;
			projectDirPath = "";
			projectRoot = "";
			targets = (
				53B3AA7F1E3AB7BC00EBC6B1 /* SocialDev */,
			);
		};
/* End PBXProject section */

/* Begin PBXResourcesBuildPhase section */
		53B3AA7E1E3AB7BC00EBC6B1 /* Resources */ = {
			isa = PBXResourcesBuildPhase;
			buildActionMask = 2147483647;
			files = (
				53B3AA8E1E3AB7BC00EBC6B1 /* LaunchScreen.storyboard in Resources */,
				53B3AA961E3AB87B00EBC6B1 /* GoogleService-Info.plist in Resources */,
				53B3AA8B1E3AB7BC00EBC6B1 /* Assets.xcassets in Resources */,
				53B3AA891E3AB7BC00EBC6B1 /* Main.storyboard in Resources */,
			);
			runOnlyForDeploymentPostprocessing = 0;
		};
/* End PBXResourcesBuildPhase section */

/* Begin PBXShellScriptBuildPhase section */
		08FA6C4D495EF02F6176F0CA /* [CP] Copy Pods Resources */ = {
			isa = PBXShellScriptBuildPhase;
			buildActionMask = 2147483647;
			files = (
			);
			inputPaths = (
			);
			name = "[CP] Copy Pods Resources";
			outputPaths = (
			);
			runOnlyForDeploymentPostprocessing = 0;
			shellPath = /bin/sh;
			shellScript = "\"${SRCROOT}/Pods/Target Support Files/Pods-SocialDev/Pods-SocialDev-resources.sh\"\n";
			showEnvVarsInLog = 0;
		};
		33409B1F1034190FC1C4DF42 /* [CP] Embed Pods Frameworks */ = {
			isa = PBXShellScriptBuildPhase;
			buildActionMask = 2147483647;
			files = (
			);
			inputPaths = (
			);
			name = "[CP] Embed Pods Frameworks";
			outputPaths = (
			);
			runOnlyForDeploymentPostprocessing = 0;
			shellPath = /bin/sh;
			shellScript = "\"${SRCROOT}/Pods/Target Support Files/Pods-SocialDev/Pods-SocialDev-frameworks.sh\"\n";
			showEnvVarsInLog = 0;
		};
		8542077DE23DA4479B107572 /* [CP] Check Pods Manifest.lock */ = {
			isa = PBXShellScriptBuildPhase;
			buildActionMask = 2147483647;
			files = (
			);
			inputPaths = (
			);
			name = "[CP] Check Pods Manifest.lock";
			outputPaths = (
			);
			runOnlyForDeploymentPostprocessing = 0;
			shellPath = /bin/sh;
			shellScript = "diff \"${PODS_ROOT}/../Podfile.lock\" \"${PODS_ROOT}/Manifest.lock\" > /dev/null\nif [ $? != 0 ] ; then\n    # print error to STDERR\n    echo \"error: The sandbox is not in sync with the Podfile.lock. Run 'pod install' or update your CocoaPods installation.\" >&2\n    exit 1\nfi\n";
			showEnvVarsInLog = 0;
		};
/* End PBXShellScriptBuildPhase section */

/* Begin PBXSourcesBuildPhase section */
		53B3AA7C1E3AB7BC00EBC6B1 /* Sources */ = {
			isa = PBXSourcesBuildPhase;
			buildActionMask = 2147483647;
			files = (
				53B3AAA21E3AD6C000EBC6B1 /* FancyField.swift in Sources */,
				53B3AA861E3AB7BC00EBC6B1 /* SignInVC.swift in Sources */,
				53B3AAA01E3AD44900EBC6B1 /* RoundBtn.swift in Sources */,
				53B3AA841E3AB7BC00EBC6B1 /* AppDelegate.swift in Sources */,
				53B3AA9B1E3AD0C000EBC6B1 /* FancyView.swift in Sources */,
				53B3AA9E1E3AD1AA00EBC6B1 /* Constants.swift in Sources */,
				53B3AAA41E3AD95100EBC6B1 /* FancyBtn.swift in Sources */,
			);
			runOnlyForDeploymentPostprocessing = 0;
		};
/* End PBXSourcesBuildPhase section */

/* Begin PBXVariantGroup section */
		53B3AA871E3AB7BC00EBC6B1 /* Main.storyboard */ = {
			isa = PBXVariantGroup;
			children = (
				53B3AA881E3AB7BC00EBC6B1 /* Base */,
			);
			name = Main.storyboard;
			sourceTree = "<group>";
		};
		53B3AA8C1E3AB7BC00EBC6B1 /* LaunchScreen.storyboard */ = {
			isa = PBXVariantGroup;
			children = (
				53B3AA8D1E3AB7BC00EBC6B1 /* Base */,
			);
			name = LaunchScreen.storyboard;
			sourceTree = "<group>";
		};
/* End PBXVariantGroup section */

/* Begin XCBuildConfiguration section */
		53B3AA901E3AB7BC00EBC6B1 /* Debug */ = {
			isa = XCBuildConfiguration;
			buildSettings = {
				ALWAYS_SEARCH_USER_PATHS = NO;
				CLANG_ANALYZER_NONNULL = YES;
				CLANG_CXX_LANGUAGE_STANDARD = "gnu++0x";
				CLANG_CXX_LIBRARY = "libc++";
				CLANG_ENABLE_MODULES = YES;
				CLANG_ENABLE_OBJC_ARC = YES;
				CLANG_WARN_BOOL_CONVERSION = YES;
				CLANG_WARN_CONSTANT_CONVERSION = YES;
				CLANG_WARN_DIRECT_OBJC_ISA_USAGE = YES_ERROR;
				CLANG_WARN_DOCUMENTATION_COMMENTS = YES;
				CLANG_WARN_EMPTY_BODY = YES;
				CLANG_WARN_ENUM_CONVERSION = YES;
				CLANG_WARN_INFINITE_RECURSION = YES;
				CLANG_WARN_INT_CONVERSION = YES;
				CLANG_WARN_OBJC_ROOT_CLASS = YES_ERROR;
				CLANG_WARN_SUSPICIOUS_MOVES = YES;
				CLANG_WARN_UNREACHABLE_CODE = YES;
				CLANG_WARN__DUPLICATE_METHOD_MATCH = YES;
				"CODE_SIGN_IDENTITY[sdk=iphoneos*]" = "iPhone Developer";
				COPY_PHASE_STRIP = NO;
				DEBUG_INFORMATION_FORMAT = dwarf;
				ENABLE_STRICT_OBJC_MSGSEND = YES;
				ENABLE_TESTABILITY = YES;
				GCC_C_LANGUAGE_STANDARD = gnu99;
				GCC_DYNAMIC_NO_PIC = NO;
				GCC_NO_COMMON_BLOCKS = YES;
				GCC_OPTIMIZATION_LEVEL = 0;
				GCC_PREPROCESSOR_DEFINITIONS = (
					"DEBUG=1",
					"$(inherited)",
				);
				GCC_WARN_64_TO_32_BIT_CONVERSION = YES;
				GCC_WARN_ABOUT_RETURN_TYPE = YES_ERROR;
				GCC_WARN_UNDECLARED_SELECTOR = YES;
				GCC_WARN_UNINITIALIZED_AUTOS = YES_AGGRESSIVE;
				GCC_WARN_UNUSED_FUNCTION = YES;
				GCC_WARN_UNUSED_VARIABLE = YES;
				IPHONEOS_DEPLOYMENT_TARGET = 10.0;
				MTL_ENABLE_DEBUG_INFO = YES;
				ONLY_ACTIVE_ARCH = YES;
				SDKROOT = iphoneos;
				SWIFT_ACTIVE_COMPILATION_CONDITIONS = DEBUG;
				SWIFT_OPTIMIZATION_LEVEL = "-Onone";
				TARGETED_DEVICE_FAMILY = "1,2";
			};
			name = Debug;
		};
		53B3AA911E3AB7BC00EBC6B1 /* Release */ = {
			isa = XCBuildConfiguration;
			buildSettings = {
				ALWAYS_SEARCH_USER_PATHS = NO;
				CLANG_ANALYZER_NONNULL = YES;
				CLANG_CXX_LANGUAGE_STANDARD = "gnu++0x";
				CLANG_CXX_LIBRARY = "libc++";
				CLANG_ENABLE_MODULES = YES;
				CLANG_ENABLE_OBJC_ARC = YES;
				CLANG_WARN_BOOL_CONVERSION = YES;
				CLANG_WARN_CONSTANT_CONVERSION = YES;
				CLANG_WARN_DIRECT_OBJC_ISA_USAGE = YES_ERROR;
				CLANG_WARN_DOCUMENTATION_COMMENTS = YES;
				CLANG_WARN_EMPTY_BODY = YES;
				CLANG_WARN_ENUM_CONVERSION = YES;
				CLANG_WARN_INFINITE_RECURSION = YES;
				CLANG_WARN_INT_CONVERSION = YES;
				CLANG_WARN_OBJC_ROOT_CLASS = YES_ERROR;
				CLANG_WARN_SUSPICIOUS_MOVES = YES;
				CLANG_WARN_UNREACHABLE_CODE = YES;
				CLANG_WARN__DUPLICATE_METHOD_MATCH = YES;
				"CODE_SIGN_IDENTITY[sdk=iphoneos*]" = "iPhone Developer";
				COPY_PHASE_STRIP = NO;
				DEBUG_INFORMATION_FORMAT = "dwarf-with-dsym";
				ENABLE_NS_ASSERTIONS = NO;
				ENABLE_STRICT_OBJC_MSGSEND = YES;
				GCC_C_LANGUAGE_STANDARD = gnu99;
				GCC_NO_COMMON_BLOCKS = YES;
				GCC_WARN_64_TO_32_BIT_CONVERSION = YES;
				GCC_WARN_ABOUT_RETURN_TYPE = YES_ERROR;
				GCC_WARN_UNDECLARED_SELECTOR = YES;
				GCC_WARN_UNINITIALIZED_AUTOS = YES_AGGRESSIVE;
				GCC_WARN_UNUSED_FUNCTION = YES;
				GCC_WARN_UNUSED_VARIABLE = YES;
				IPHONEOS_DEPLOYMENT_TARGET = 10.0;
				MTL_ENABLE_DEBUG_INFO = NO;
				SDKROOT = iphoneos;
				SWIFT_OPTIMIZATION_LEVEL = "-Owholemodule";
				TARGETED_DEVICE_FAMILY = "1,2";
				VALIDATE_PRODUCT = YES;
			};
			name = Release;
		};
		53B3AA931E3AB7BC00EBC6B1 /* Debug */ = {
			isa = XCBuildConfiguration;
			baseConfigurationReference = D0493348FD7AC57A698A7EA9 /* Pods-SocialDev.debug.xcconfig */;
			buildSettings = {
				ASSETCATALOG_COMPILER_APPICON_NAME = AppIcon;
				CODE_SIGN_ENTITLEMENTS = SocialDev/SocialDev.entitlements;
				DEVELOPMENT_TEAM = B593V95HNX;
				INFOPLIST_FILE = SocialDev/Info.plist;
				LD_RUNPATH_SEARCH_PATHS = "$(inherited) @executable_path/Frameworks";
				PRODUCT_BUNDLE_IDENTIFIER = com.clyffapps.SocialDev;
				PRODUCT_NAME = "$(TARGET_NAME)";
				SWIFT_VERSION = 3.0;
			};
			name = Debug;
		};
		53B3AA941E3AB7BC00EBC6B1 /* Release */ = {
			isa = XCBuildConfiguration;
			baseConfigurationReference = 6A30EE2CF7A37491C9E4D793 /* Pods-SocialDev.release.xcconfig */;
			buildSettings = {
				ASSETCATALOG_COMPILER_APPICON_NAME = AppIcon;
				CODE_SIGN_ENTITLEMENTS = SocialDev/SocialDev.entitlements;
				DEVELOPMENT_TEAM = B593V95HNX;
				INFOPLIST_FILE = SocialDev/Info.plist;
				LD_RUNPATH_SEARCH_PATHS = "$(inherited) @executable_path/Frameworks";
				PRODUCT_BUNDLE_IDENTIFIER = com.clyffapps.SocialDev;
				PRODUCT_NAME = "$(TARGET_NAME)";
				SWIFT_VERSION = 3.0;
			};
			name = Release;
		};
/* End XCBuildConfiguration section */

/* Begin XCConfigurationList section */
		53B3AA7B1E3AB7BC00EBC6B1 /* Build configuration list for PBXProject "SocialDev" */ = {
			isa = XCConfigurationList;
			buildConfigurations = (
				53B3AA901E3AB7BC00EBC6B1 /* Debug */,
				53B3AA911E3AB7BC00EBC6B1 /* Release */,
			);
			defaultConfigurationIsVisible = 0;
			defaultConfigurationName = Release;
		};
		53B3AA921E3AB7BC00EBC6B1 /* Build configuration list for PBXNativeTarget "SocialDev" */ = {
			isa = XCConfigurationList;
			buildConfigurations = (
				53B3AA931E3AB7BC00EBC6B1 /* Debug */,
				53B3AA941E3AB7BC00EBC6B1 /* Release */,
			);
			defaultConfigurationIsVisible = 0;
			defaultConfigurationName = Release;
		};
/* End XCConfigurationList section */
	};
	rootObject = 53B3AA781E3AB7BC00EBC6B1 /* Project object */;
}
